// !$*UTF8*$!
{
	archiveVersion = 1;
	classes = {
	};
	objectVersion = 52;
	objects = {

/* Begin PBXBuildFile section */
		BD05AC8F249DA069000F453B /* FactsAPI.swift in Sources */ = {isa = PBXBuildFile; fileRef = BD05AC8E249DA069000F453B /* FactsAPI.swift */; };
		BD05AC92249DA83C000F453B /* FactsProvider.swift in Sources */ = {isa = PBXBuildFile; fileRef = BD05AC91249DA83C000F453B /* FactsProvider.swift */; };
		BD05AC96249DB45A000F453B /* Fact.swift in Sources */ = {isa = PBXBuildFile; fileRef = BD05AC95249DB45A000F453B /* Fact.swift */; };
		BD05AC9D249DB9A9000F453B /* JSONDecoder+API.swift in Sources */ = {isa = PBXBuildFile; fileRef = BD05AC9C249DB9A9000F453B /* JSONDecoder+API.swift */; };
		BD0C4902249CF3A90090B7CD /* RxTest.framework in Frameworks */ = {isa = PBXBuildFile; fileRef = BD0C48FF249CF3A90090B7CD /* RxTest.framework */; platformFilter = ios; };
		BD0C4903249CF3A90090B7CD /* Quick.framework in Frameworks */ = {isa = PBXBuildFile; fileRef = BD0C4900249CF3A90090B7CD /* Quick.framework */; platformFilter = ios; };
		BD0C4904249CF3A90090B7CD /* Nimble.framework in Frameworks */ = {isa = PBXBuildFile; fileRef = BD0C4901249CF3A90090B7CD /* Nimble.framework */; platformFilter = ios; };
		BD0C4905249CF3BD0090B7CD /* Nimble.framework in Copy Carthage Frameworks */ = {isa = PBXBuildFile; fileRef = BD0C4901249CF3A90090B7CD /* Nimble.framework */; platformFilter = ios; settings = {ATTRIBUTES = (CodeSignOnCopy, RemoveHeadersOnCopy, ); }; };
		BD0C4906249CF3BD0090B7CD /* Quick.framework in Copy Carthage Frameworks */ = {isa = PBXBuildFile; fileRef = BD0C4900249CF3A90090B7CD /* Quick.framework */; platformFilter = ios; settings = {ATTRIBUTES = (CodeSignOnCopy, RemoveHeadersOnCopy, ); }; };
		BD0C4907249CF3BD0090B7CD /* RxTest.framework in Copy Carthage Frameworks */ = {isa = PBXBuildFile; fileRef = BD0C48FF249CF3A90090B7CD /* RxTest.framework */; platformFilter = ios; settings = {ATTRIBUTES = (CodeSignOnCopy, RemoveHeadersOnCopy, ); }; };
		BD14F8A4249B7CFB0029B50C /* AppDelegate.swift in Sources */ = {isa = PBXBuildFile; fileRef = BD14F8A3249B7CFB0029B50C /* AppDelegate.swift */; };
		BD14F8A6249B7CFB0029B50C /* SceneDelegate.swift in Sources */ = {isa = PBXBuildFile; fileRef = BD14F8A5249B7CFB0029B50C /* SceneDelegate.swift */; };
		BD14F8A8249B7CFB0029B50C /* ContentView.swift in Sources */ = {isa = PBXBuildFile; fileRef = BD14F8A7249B7CFB0029B50C /* ContentView.swift */; };
		BD14F8AA249B7CFC0029B50C /* Assets.xcassets in Resources */ = {isa = PBXBuildFile; fileRef = BD14F8A9249B7CFC0029B50C /* Assets.xcassets */; };
		BD14F8B0249B7CFC0029B50C /* LaunchScreen.storyboard in Resources */ = {isa = PBXBuildFile; fileRef = BD14F8AE249B7CFC0029B50C /* LaunchScreen.storyboard */; };
		BD14F8C6249B7CFD0029B50C /* NorrisFactsUITests.swift in Sources */ = {isa = PBXBuildFile; fileRef = BD14F8C5249B7CFD0029B50C /* NorrisFactsUITests.swift */; };
		BD355EF2249CEB23008901D4 /* RxCocoa.framework in Frameworks */ = {isa = PBXBuildFile; fileRef = BD355EEE249CEB23008901D4 /* RxCocoa.framework */; };
		BD355EF3249CEB23008901D4 /* RxCocoa.framework in Embed Frameworks */ = {isa = PBXBuildFile; fileRef = BD355EEE249CEB23008901D4 /* RxCocoa.framework */; settings = {ATTRIBUTES = (CodeSignOnCopy, RemoveHeadersOnCopy, ); }; };
		BD355EF4249CEB23008901D4 /* RxMoya.framework in Frameworks */ = {isa = PBXBuildFile; fileRef = BD355EEF249CEB23008901D4 /* RxMoya.framework */; };
		BD355EF5249CEB23008901D4 /* RxMoya.framework in Embed Frameworks */ = {isa = PBXBuildFile; fileRef = BD355EEF249CEB23008901D4 /* RxMoya.framework */; settings = {ATTRIBUTES = (CodeSignOnCopy, RemoveHeadersOnCopy, ); }; };
		BD355EF6249CEB23008901D4 /* RxSwift.framework in Frameworks */ = {isa = PBXBuildFile; fileRef = BD355EF0249CEB23008901D4 /* RxSwift.framework */; };
		BD355EF7249CEB23008901D4 /* RxSwift.framework in Embed Frameworks */ = {isa = PBXBuildFile; fileRef = BD355EF0249CEB23008901D4 /* RxSwift.framework */; settings = {ATTRIBUTES = (CodeSignOnCopy, RemoveHeadersOnCopy, ); }; };
		BD355EF8249CEB23008901D4 /* Moya.framework in Frameworks */ = {isa = PBXBuildFile; fileRef = BD355EF1249CEB23008901D4 /* Moya.framework */; };
		BD355EF9249CEB23008901D4 /* Moya.framework in Embed Frameworks */ = {isa = PBXBuildFile; fileRef = BD355EF1249CEB23008901D4 /* Moya.framework */; settings = {ATTRIBUTES = (CodeSignOnCopy, RemoveHeadersOnCopy, ); }; };
		BD355EFC249CEB2B008901D4 /* Alamofire.framework in Frameworks */ = {isa = PBXBuildFile; fileRef = BD355EFB249CEB2B008901D4 /* Alamofire.framework */; };
		BD355EFD249CEB2B008901D4 /* Alamofire.framework in Embed Frameworks */ = {isa = PBXBuildFile; fileRef = BD355EFB249CEB2B008901D4 /* Alamofire.framework */; settings = {ATTRIBUTES = (CodeSignOnCopy, RemoveHeadersOnCopy, ); }; };
		BD355F00249CEB39008901D4 /* Realm.framework in Frameworks */ = {isa = PBXBuildFile; fileRef = BD355EFE249CEB38008901D4 /* Realm.framework */; };
		BD355F01249CEB39008901D4 /* Realm.framework in Embed Frameworks */ = {isa = PBXBuildFile; fileRef = BD355EFE249CEB38008901D4 /* Realm.framework */; settings = {ATTRIBUTES = (CodeSignOnCopy, RemoveHeadersOnCopy, ); }; };
		BD355F02249CEB39008901D4 /* RealmSwift.framework in Frameworks */ = {isa = PBXBuildFile; fileRef = BD355EFF249CEB39008901D4 /* RealmSwift.framework */; };
		BD355F03249CEB39008901D4 /* RealmSwift.framework in Embed Frameworks */ = {isa = PBXBuildFile; fileRef = BD355EFF249CEB39008901D4 /* RealmSwift.framework */; settings = {ATTRIBUTES = (CodeSignOnCopy, RemoveHeadersOnCopy, ); }; };
		BD355F0D249CEE01008901D4 /* RxRelay.framework in Frameworks */ = {isa = PBXBuildFile; fileRef = BD355F0C249CEE01008901D4 /* RxRelay.framework */; };
		BD355F0E249CEE01008901D4 /* RxRelay.framework in Embed Frameworks */ = {isa = PBXBuildFile; fileRef = BD355F0C249CEE01008901D4 /* RxRelay.framework */; settings = {ATTRIBUTES = (CodeSignOnCopy, RemoveHeadersOnCopy, ); }; };
		BD4A264A249EAEF800CC5624 /* FactSearchViewModel.swift in Sources */ = {isa = PBXBuildFile; fileRef = BD4A2649249EAEF800CC5624 /* FactSearchViewModel.swift */; };
		BD5830C8249EAAD3000926B3 /* FactSearchViewController.swift in Sources */ = {isa = PBXBuildFile; fileRef = BD5830C7249EAAD3000926B3 /* FactSearchViewController.swift */; };
		BD7BBB9D249E5D0A00F1F2D8 /* OHHTTPStubs.framework in Frameworks */ = {isa = PBXBuildFile; fileRef = BD7BBB9C249E5D0900F1F2D8 /* OHHTTPStubs.framework */; platformFilter = ios; };
		BD7BBB9E249E5D1100F1F2D8 /* OHHTTPStubs.framework in Copy Carthage Frameworks */ = {isa = PBXBuildFile; fileRef = BD7BBB9C249E5D0900F1F2D8 /* OHHTTPStubs.framework */; platformFilter = ios; settings = {ATTRIBUTES = (CodeSignOnCopy, RemoveHeadersOnCopy, ); }; };
		BD7BBBA0249E5D6F00F1F2D8 /* FactsProviderTests.swift in Sources */ = {isa = PBXBuildFile; fileRef = BD7BBB9F249E5D6F00F1F2D8 /* FactsProviderTests.swift */; };
		BD7BBBA2249E602600F1F2D8 /* SearchSuccessResponse.json in Resources */ = {isa = PBXBuildFile; fileRef = BD7BBBA1249E602600F1F2D8 /* SearchSuccessResponse.json */; };
		BD7BBBA4249E6F3C00F1F2D8 /* RxBlocking.framework in Frameworks */ = {isa = PBXBuildFile; fileRef = BD7BBBA3249E6F3C00F1F2D8 /* RxBlocking.framework */; platformFilter = ios; };
		BD7BBBA5249E6F4700F1F2D8 /* RxBlocking.framework in Copy Carthage Frameworks */ = {isa = PBXBuildFile; fileRef = BD7BBBA3249E6F3C00F1F2D8 /* RxBlocking.framework */; platformFilter = ios; settings = {ATTRIBUTES = (CodeSignOnCopy, RemoveHeadersOnCopy, ); }; };
		BD7BBBA7249E98E900F1F2D8 /* HttpStatusCode.swift in Sources */ = {isa = PBXBuildFile; fileRef = BD7BBBA6249E98E900F1F2D8 /* HttpStatusCode.swift */; };
		BD7BBBA9249EA18200F1F2D8 /* StubResponse.swift in Sources */ = {isa = PBXBuildFile; fileRef = BD7BBBA8249EA18200F1F2D8 /* StubResponse.swift */; };
		BD7BBBAB249EA19E00F1F2D8 /* String+Common.swift in Sources */ = {isa = PBXBuildFile; fileRef = BD7BBBAA249EA19E00F1F2D8 /* String+Common.swift */; };
		BD822FBA249FD3CD00164C0B /* CategoryProvider.swift in Sources */ = {isa = PBXBuildFile; fileRef = BD822FB9249FD3CD00164C0B /* CategoryProvider.swift */; };
		BD822FBD249FDC6400164C0B /* CategoryStore.swift in Sources */ = {isa = PBXBuildFile; fileRef = BD822FBC249FDC6400164C0B /* CategoryStore.swift */; };
		BD822FBF249FDC8D00164C0B /* Realm+Rx.swift in Sources */ = {isa = PBXBuildFile; fileRef = BD822FBE249FDC8D00164C0B /* Realm+Rx.swift */; };
		BD822FC1249FDCAA00164C0B /* RealmStore.swift in Sources */ = {isa = PBXBuildFile; fileRef = BD822FC0249FDCAA00164C0B /* RealmStore.swift */; };
		BD822FC3249FDCCF00164C0B /* Category.swift in Sources */ = {isa = PBXBuildFile; fileRef = BD822FC2249FDCCF00164C0B /* Category.swift */; };
		BDB9BA2D249EB6F600B0E5F2 /* Main.storyboard in Resources */ = {isa = PBXBuildFile; fileRef = BDB9BA2C249EB6F600B0E5F2 /* Main.storyboard */; };
		BDB9BA30249ECE8300B0E5F2 /* FactListViewController.swift in Sources */ = {isa = PBXBuildFile; fileRef = BDB9BA2F249ECE8300B0E5F2 /* FactListViewController.swift */; };
		BDB9BA32249ECEA200B0E5F2 /* FactListViewModel.swift in Sources */ = {isa = PBXBuildFile; fileRef = BDB9BA31249ECEA200B0E5F2 /* FactListViewModel.swift */; };
		BDB9BA34249ED49F00B0E5F2 /* FactListCoordinator.swift in Sources */ = {isa = PBXBuildFile; fileRef = BDB9BA33249ED49F00B0E5F2 /* FactListCoordinator.swift */; };
		BDB9BA36249EDA0300B0E5F2 /* UIWindow.swift in Sources */ = {isa = PBXBuildFile; fileRef = BDB9BA35249EDA0300B0E5F2 /* UIWindow.swift */; };
		BDB9BA38249EDA2200B0E5F2 /* IdentifiableType.swift in Sources */ = {isa = PBXBuildFile; fileRef = BDB9BA37249EDA2200B0E5F2 /* IdentifiableType.swift */; };
		BDB9BA3A249EDA3C00B0E5F2 /* Storyboard.swift in Sources */ = {isa = PBXBuildFile; fileRef = BDB9BA39249EDA3C00B0E5F2 /* Storyboard.swift */; };
		BDB9BA3C249EDAFE00B0E5F2 /* FactSearchCoordinator.swift in Sources */ = {isa = PBXBuildFile; fileRef = BDB9BA3B249EDAFE00B0E5F2 /* FactSearchCoordinator.swift */; };
		BDB9BA3F249EFC0600B0E5F2 /* Coordinator.swift in Sources */ = {isa = PBXBuildFile; fileRef = BDB9BA3E249EFC0600B0E5F2 /* Coordinator.swift */; };
		BDB9BA42249EFEAC00B0E5F2 /* FactSearchViewModelTests.swift in Sources */ = {isa = PBXBuildFile; fileRef = BDB9BA41249EFEAC00B0E5F2 /* FactSearchViewModelTests.swift */; };
		BDB9BA45249F046300B0E5F2 /* MockFactSearchCoordinator.swift in Sources */ = {isa = PBXBuildFile; fileRef = BDB9BA44249F046300B0E5F2 /* MockFactSearchCoordinator.swift */; };
		BDB9BA47249F04D000B0E5F2 /* FactListViewModelTests.swift in Sources */ = {isa = PBXBuildFile; fileRef = BDB9BA46249F04D000B0E5F2 /* FactListViewModelTests.swift */; };
		BDB9BA49249F067300B0E5F2 /* MockFactListCoordinator.swift in Sources */ = {isa = PBXBuildFile; fileRef = BDB9BA48249F067300B0E5F2 /* MockFactListCoordinator.swift */; };
		BDB9BA4B249F1C2100B0E5F2 /* FactListItemTableViewCell.swift in Sources */ = {isa = PBXBuildFile; fileRef = BDB9BA4A249F1C2100B0E5F2 /* FactListItemTableViewCell.swift */; };
		BDB9BA4E249F1C8400B0E5F2 /* FactListItemViewModel.swift in Sources */ = {isa = PBXBuildFile; fileRef = BDB9BA4D249F1C8300B0E5F2 /* FactListItemViewModel.swift */; };
		BDCEE6C3249F926A00CA200B /* ErrorDescriptor.swift in Sources */ = {isa = PBXBuildFile; fileRef = BDCEE6C2249F926A00CA200B /* ErrorDescriptor.swift */; };
		BDCEE6C5249F96BB00CA200B /* UIViewController+Common.swift in Sources */ = {isa = PBXBuildFile; fileRef = BDCEE6C4249F96BB00CA200B /* UIViewController+Common.swift */; };
		BDCEE6C7249F97C300CA200B /* Observable+Common.swift in Sources */ = {isa = PBXBuildFile; fileRef = BDCEE6C6249F97C300CA200B /* Observable+Common.swift */; };
		BDCEE6C9249F97E300CA200B /* Result+Common.swift in Sources */ = {isa = PBXBuildFile; fileRef = BDCEE6C8249F97E300CA200B /* Result+Common.swift */; };
		BDCEE6CB249FD1AF00CA200B /* MockFactsProvider.swift in Sources */ = {isa = PBXBuildFile; fileRef = BDCEE6CA249FD1AF00CA200B /* MockFactsProvider.swift */; };
		BDE90509249DBF4E00B2AF28 /* URL+Common.swift in Sources */ = {isa = PBXBuildFile; fileRef = BDE90508249DBF4E00B2AF28 /* URL+Common.swift */; };
		BDE9050B249DCC3200B2AF28 /* Error+Common.swift in Sources */ = {isa = PBXBuildFile; fileRef = BDE9050A249DCC3200B2AF28 /* Error+Common.swift */; };
		BDE9050D249E4FE600B2AF28 /* APIError.swift in Sources */ = {isa = PBXBuildFile; fileRef = BDE9050C249E4FE600B2AF28 /* APIError.swift */; };
		BDE90512249E521800B2AF28 /* PrimitiveSequence+API.swift in Sources */ = {isa = PBXBuildFile; fileRef = BDE90511249E521800B2AF28 /* PrimitiveSequence+API.swift */; };
/* End PBXBuildFile section */

/* Begin PBXContainerItemProxy section */
		BD14F8B7249B7CFD0029B50C /* PBXContainerItemProxy */ = {
			isa = PBXContainerItemProxy;
			containerPortal = BD14F898249B7CFB0029B50C /* Project object */;
			proxyType = 1;
			remoteGlobalIDString = BD14F89F249B7CFB0029B50C;
			remoteInfo = NorrisFacts;
		};
		BD14F8C2249B7CFD0029B50C /* PBXContainerItemProxy */ = {
			isa = PBXContainerItemProxy;
			containerPortal = BD14F898249B7CFB0029B50C /* Project object */;
			proxyType = 1;
			remoteGlobalIDString = BD14F89F249B7CFB0029B50C;
			remoteInfo = NorrisFacts;
		};
/* End PBXContainerItemProxy section */

/* Begin PBXCopyFilesBuildPhase section */
		BD355EFA249CEB23008901D4 /* Embed Frameworks */ = {
			isa = PBXCopyFilesBuildPhase;
			buildActionMask = 2147483647;
			dstPath = "";
			dstSubfolderSpec = 10;
			files = (
				BD355F01249CEB39008901D4 /* Realm.framework in Embed Frameworks */,
				BD355EF9249CEB23008901D4 /* Moya.framework in Embed Frameworks */,
				BD355F03249CEB39008901D4 /* RealmSwift.framework in Embed Frameworks */,
				BD355EF5249CEB23008901D4 /* RxMoya.framework in Embed Frameworks */,
				BD355F0E249CEE01008901D4 /* RxRelay.framework in Embed Frameworks */,
				BD355EF3249CEB23008901D4 /* RxCocoa.framework in Embed Frameworks */,
				BD355EFD249CEB2B008901D4 /* Alamofire.framework in Embed Frameworks */,
				BD355EF7249CEB23008901D4 /* RxSwift.framework in Embed Frameworks */,
			);
			name = "Embed Frameworks";
			runOnlyForDeploymentPostprocessing = 0;
		};
		BD355F05249CED7F008901D4 /* Copy Carthage Frameworks */ = {
			isa = PBXCopyFilesBuildPhase;
			buildActionMask = 2147483647;
			dstPath = "";
			dstSubfolderSpec = 10;
			files = (
				BD7BBBA5249E6F4700F1F2D8 /* RxBlocking.framework in Copy Carthage Frameworks */,
				BD7BBB9E249E5D1100F1F2D8 /* OHHTTPStubs.framework in Copy Carthage Frameworks */,
				BD0C4905249CF3BD0090B7CD /* Nimble.framework in Copy Carthage Frameworks */,
				BD0C4906249CF3BD0090B7CD /* Quick.framework in Copy Carthage Frameworks */,
				BD0C4907249CF3BD0090B7CD /* RxTest.framework in Copy Carthage Frameworks */,
			);
			name = "Copy Carthage Frameworks";
			runOnlyForDeploymentPostprocessing = 0;
		};
/* End PBXCopyFilesBuildPhase section */

/* Begin PBXFileReference section */
		BD05AC8E249DA069000F453B /* FactsAPI.swift */ = {isa = PBXFileReference; lastKnownFileType = sourcecode.swift; path = FactsAPI.swift; sourceTree = "<group>"; };
		BD05AC91249DA83C000F453B /* FactsProvider.swift */ = {isa = PBXFileReference; lastKnownFileType = sourcecode.swift; path = FactsProvider.swift; sourceTree = "<group>"; };
		BD05AC95249DB45A000F453B /* Fact.swift */ = {isa = PBXFileReference; lastKnownFileType = sourcecode.swift; path = Fact.swift; sourceTree = "<group>"; };
		BD05AC9C249DB9A9000F453B /* JSONDecoder+API.swift */ = {isa = PBXFileReference; lastKnownFileType = sourcecode.swift; path = "JSONDecoder+API.swift"; sourceTree = "<group>"; };
		BD0C48FF249CF3A90090B7CD /* RxTest.framework */ = {isa = PBXFileReference; lastKnownFileType = wrapper.framework; name = RxTest.framework; path = Carthage/Build/iOS/RxTest.framework; sourceTree = "<group>"; };
		BD0C4900249CF3A90090B7CD /* Quick.framework */ = {isa = PBXFileReference; lastKnownFileType = wrapper.framework; name = Quick.framework; path = Carthage/Build/iOS/Quick.framework; sourceTree = "<group>"; };
		BD0C4901249CF3A90090B7CD /* Nimble.framework */ = {isa = PBXFileReference; lastKnownFileType = wrapper.framework; name = Nimble.framework; path = Carthage/Build/iOS/Nimble.framework; sourceTree = "<group>"; };
		BD14F8A0249B7CFB0029B50C /* NorrisFacts.app */ = {isa = PBXFileReference; explicitFileType = wrapper.application; includeInIndex = 0; path = NorrisFacts.app; sourceTree = BUILT_PRODUCTS_DIR; };
		BD14F8A3249B7CFB0029B50C /* AppDelegate.swift */ = {isa = PBXFileReference; lastKnownFileType = sourcecode.swift; path = AppDelegate.swift; sourceTree = "<group>"; };
		BD14F8A5249B7CFB0029B50C /* SceneDelegate.swift */ = {isa = PBXFileReference; lastKnownFileType = sourcecode.swift; path = SceneDelegate.swift; sourceTree = "<group>"; };
		BD14F8A7249B7CFB0029B50C /* ContentView.swift */ = {isa = PBXFileReference; lastKnownFileType = sourcecode.swift; path = ContentView.swift; sourceTree = "<group>"; };
		BD14F8A9249B7CFC0029B50C /* Assets.xcassets */ = {isa = PBXFileReference; lastKnownFileType = folder.assetcatalog; path = Assets.xcassets; sourceTree = "<group>"; };
		BD14F8AF249B7CFC0029B50C /* Base */ = {isa = PBXFileReference; lastKnownFileType = file.storyboard; name = Base; path = Base.lproj/LaunchScreen.storyboard; sourceTree = "<group>"; };
		BD14F8B1249B7CFC0029B50C /* Info.plist */ = {isa = PBXFileReference; lastKnownFileType = text.plist.xml; path = Info.plist; sourceTree = "<group>"; };
		BD14F8B6249B7CFD0029B50C /* NorrisFactsTests.xctest */ = {isa = PBXFileReference; explicitFileType = wrapper.cfbundle; includeInIndex = 0; path = NorrisFactsTests.xctest; sourceTree = BUILT_PRODUCTS_DIR; };
		BD14F8BC249B7CFD0029B50C /* Info.plist */ = {isa = PBXFileReference; lastKnownFileType = text.plist.xml; path = Info.plist; sourceTree = "<group>"; };
		BD14F8C1249B7CFD0029B50C /* NorrisFactsUITests.xctest */ = {isa = PBXFileReference; explicitFileType = wrapper.cfbundle; includeInIndex = 0; path = NorrisFactsUITests.xctest; sourceTree = BUILT_PRODUCTS_DIR; };
		BD14F8C5249B7CFD0029B50C /* NorrisFactsUITests.swift */ = {isa = PBXFileReference; lastKnownFileType = sourcecode.swift; path = NorrisFactsUITests.swift; sourceTree = "<group>"; };
		BD14F8C7249B7CFD0029B50C /* Info.plist */ = {isa = PBXFileReference; lastKnownFileType = text.plist.xml; path = Info.plist; sourceTree = "<group>"; };
		BD355EEE249CEB23008901D4 /* RxCocoa.framework */ = {isa = PBXFileReference; lastKnownFileType = wrapper.framework; name = RxCocoa.framework; path = Carthage/Build/iOS/RxCocoa.framework; sourceTree = "<group>"; };
		BD355EEF249CEB23008901D4 /* RxMoya.framework */ = {isa = PBXFileReference; lastKnownFileType = wrapper.framework; name = RxMoya.framework; path = Carthage/Build/iOS/RxMoya.framework; sourceTree = "<group>"; };
		BD355EF0249CEB23008901D4 /* RxSwift.framework */ = {isa = PBXFileReference; lastKnownFileType = wrapper.framework; name = RxSwift.framework; path = Carthage/Build/iOS/RxSwift.framework; sourceTree = "<group>"; };
		BD355EF1249CEB23008901D4 /* Moya.framework */ = {isa = PBXFileReference; lastKnownFileType = wrapper.framework; name = Moya.framework; path = Carthage/Build/iOS/Moya.framework; sourceTree = "<group>"; };
		BD355EFB249CEB2B008901D4 /* Alamofire.framework */ = {isa = PBXFileReference; lastKnownFileType = wrapper.framework; name = Alamofire.framework; path = Carthage/Build/iOS/Alamofire.framework; sourceTree = "<group>"; };
		BD355EFE249CEB38008901D4 /* Realm.framework */ = {isa = PBXFileReference; lastKnownFileType = wrapper.framework; name = Realm.framework; path = Carthage/Build/iOS/Realm.framework; sourceTree = "<group>"; };
		BD355EFF249CEB39008901D4 /* RealmSwift.framework */ = {isa = PBXFileReference; lastKnownFileType = wrapper.framework; name = RealmSwift.framework; path = Carthage/Build/iOS/RealmSwift.framework; sourceTree = "<group>"; };
		BD355F0C249CEE01008901D4 /* RxRelay.framework */ = {isa = PBXFileReference; lastKnownFileType = wrapper.framework; name = RxRelay.framework; path = Carthage/Build/iOS/RxRelay.framework; sourceTree = "<group>"; };
		BD4A2649249EAEF800CC5624 /* FactSearchViewModel.swift */ = {isa = PBXFileReference; lastKnownFileType = sourcecode.swift; path = FactSearchViewModel.swift; sourceTree = "<group>"; };
		BD5830C7249EAAD3000926B3 /* FactSearchViewController.swift */ = {isa = PBXFileReference; lastKnownFileType = sourcecode.swift; path = FactSearchViewController.swift; sourceTree = "<group>"; };
		BD7BBB9C249E5D0900F1F2D8 /* OHHTTPStubs.framework */ = {isa = PBXFileReference; lastKnownFileType = wrapper.framework; name = OHHTTPStubs.framework; path = Carthage/Build/iOS/OHHTTPStubs.framework; sourceTree = "<group>"; };
		BD7BBB9F249E5D6F00F1F2D8 /* FactsProviderTests.swift */ = {isa = PBXFileReference; lastKnownFileType = sourcecode.swift; path = FactsProviderTests.swift; sourceTree = "<group>"; };
		BD7BBBA1249E602600F1F2D8 /* SearchSuccessResponse.json */ = {isa = PBXFileReference; lastKnownFileType = text.json; path = SearchSuccessResponse.json; sourceTree = "<group>"; };
		BD7BBBA3249E6F3C00F1F2D8 /* RxBlocking.framework */ = {isa = PBXFileReference; lastKnownFileType = wrapper.framework; name = RxBlocking.framework; path = Carthage/Build/iOS/RxBlocking.framework; sourceTree = "<group>"; };
		BD7BBBA6249E98E900F1F2D8 /* HttpStatusCode.swift */ = {isa = PBXFileReference; lastKnownFileType = sourcecode.swift; path = HttpStatusCode.swift; sourceTree = "<group>"; };
		BD7BBBA8249EA18200F1F2D8 /* StubResponse.swift */ = {isa = PBXFileReference; lastKnownFileType = sourcecode.swift; path = StubResponse.swift; sourceTree = "<group>"; };
		BD7BBBAA249EA19E00F1F2D8 /* String+Common.swift */ = {isa = PBXFileReference; lastKnownFileType = sourcecode.swift; path = "String+Common.swift"; sourceTree = "<group>"; };
		BD822FB9249FD3CD00164C0B /* CategoryProvider.swift */ = {isa = PBXFileReference; lastKnownFileType = sourcecode.swift; path = CategoryProvider.swift; sourceTree = "<group>"; };
		BD822FBC249FDC6400164C0B /* CategoryStore.swift */ = {isa = PBXFileReference; lastKnownFileType = sourcecode.swift; path = CategoryStore.swift; sourceTree = "<group>"; };
		BD822FBE249FDC8D00164C0B /* Realm+Rx.swift */ = {isa = PBXFileReference; lastKnownFileType = sourcecode.swift; path = "Realm+Rx.swift"; sourceTree = "<group>"; };
		BD822FC0249FDCAA00164C0B /* RealmStore.swift */ = {isa = PBXFileReference; lastKnownFileType = sourcecode.swift; path = RealmStore.swift; sourceTree = "<group>"; };
		BD822FC2249FDCCF00164C0B /* Category.swift */ = {isa = PBXFileReference; lastKnownFileType = sourcecode.swift; path = Category.swift; sourceTree = "<group>"; };
		BDB9BA2C249EB6F600B0E5F2 /* Main.storyboard */ = {isa = PBXFileReference; lastKnownFileType = file.storyboard; path = Main.storyboard; sourceTree = "<group>"; };
		BDB9BA2F249ECE8300B0E5F2 /* FactListViewController.swift */ = {isa = PBXFileReference; lastKnownFileType = sourcecode.swift; path = FactListViewController.swift; sourceTree = "<group>"; };
		BDB9BA31249ECEA200B0E5F2 /* FactListViewModel.swift */ = {isa = PBXFileReference; lastKnownFileType = sourcecode.swift; path = FactListViewModel.swift; sourceTree = "<group>"; };
		BDB9BA33249ED49F00B0E5F2 /* FactListCoordinator.swift */ = {isa = PBXFileReference; lastKnownFileType = sourcecode.swift; path = FactListCoordinator.swift; sourceTree = "<group>"; };
		BDB9BA35249EDA0300B0E5F2 /* UIWindow.swift */ = {isa = PBXFileReference; lastKnownFileType = sourcecode.swift; path = UIWindow.swift; sourceTree = "<group>"; };
		BDB9BA37249EDA2200B0E5F2 /* IdentifiableType.swift */ = {isa = PBXFileReference; lastKnownFileType = sourcecode.swift; path = IdentifiableType.swift; sourceTree = "<group>"; };
		BDB9BA39249EDA3C00B0E5F2 /* Storyboard.swift */ = {isa = PBXFileReference; lastKnownFileType = sourcecode.swift; path = Storyboard.swift; sourceTree = "<group>"; };
		BDB9BA3B249EDAFE00B0E5F2 /* FactSearchCoordinator.swift */ = {isa = PBXFileReference; lastKnownFileType = sourcecode.swift; path = FactSearchCoordinator.swift; sourceTree = "<group>"; };
		BDB9BA3E249EFC0600B0E5F2 /* Coordinator.swift */ = {isa = PBXFileReference; lastKnownFileType = sourcecode.swift; path = Coordinator.swift; sourceTree = "<group>"; };
		BDB9BA41249EFEAC00B0E5F2 /* FactSearchViewModelTests.swift */ = {isa = PBXFileReference; lastKnownFileType = sourcecode.swift; path = FactSearchViewModelTests.swift; sourceTree = "<group>"; };
		BDB9BA44249F046300B0E5F2 /* MockFactSearchCoordinator.swift */ = {isa = PBXFileReference; lastKnownFileType = sourcecode.swift; path = MockFactSearchCoordinator.swift; sourceTree = "<group>"; };
		BDB9BA46249F04D000B0E5F2 /* FactListViewModelTests.swift */ = {isa = PBXFileReference; lastKnownFileType = sourcecode.swift; path = FactListViewModelTests.swift; sourceTree = "<group>"; };
		BDB9BA48249F067300B0E5F2 /* MockFactListCoordinator.swift */ = {isa = PBXFileReference; lastKnownFileType = sourcecode.swift; path = MockFactListCoordinator.swift; sourceTree = "<group>"; };
		BDB9BA4A249F1C2100B0E5F2 /* FactListItemTableViewCell.swift */ = {isa = PBXFileReference; lastKnownFileType = sourcecode.swift; path = FactListItemTableViewCell.swift; sourceTree = "<group>"; };
		BDB9BA4D249F1C8300B0E5F2 /* FactListItemViewModel.swift */ = {isa = PBXFileReference; lastKnownFileType = sourcecode.swift; path = FactListItemViewModel.swift; sourceTree = "<group>"; };
		BDCEE6C2249F926A00CA200B /* ErrorDescriptor.swift */ = {isa = PBXFileReference; lastKnownFileType = sourcecode.swift; path = ErrorDescriptor.swift; sourceTree = "<group>"; };
		BDCEE6C4249F96BB00CA200B /* UIViewController+Common.swift */ = {isa = PBXFileReference; lastKnownFileType = sourcecode.swift; path = "UIViewController+Common.swift"; sourceTree = "<group>"; };
		BDCEE6C6249F97C300CA200B /* Observable+Common.swift */ = {isa = PBXFileReference; lastKnownFileType = sourcecode.swift; path = "Observable+Common.swift"; sourceTree = "<group>"; };
		BDCEE6C8249F97E300CA200B /* Result+Common.swift */ = {isa = PBXFileReference; lastKnownFileType = sourcecode.swift; path = "Result+Common.swift"; sourceTree = "<group>"; };
		BDCEE6CA249FD1AF00CA200B /* MockFactsProvider.swift */ = {isa = PBXFileReference; lastKnownFileType = sourcecode.swift; path = MockFactsProvider.swift; sourceTree = "<group>"; };
		BDE90508249DBF4E00B2AF28 /* URL+Common.swift */ = {isa = PBXFileReference; lastKnownFileType = sourcecode.swift; path = "URL+Common.swift"; sourceTree = "<group>"; };
		BDE9050A249DCC3200B2AF28 /* Error+Common.swift */ = {isa = PBXFileReference; lastKnownFileType = sourcecode.swift; path = "Error+Common.swift"; sourceTree = "<group>"; };
		BDE9050C249E4FE600B2AF28 /* APIError.swift */ = {isa = PBXFileReference; lastKnownFileType = sourcecode.swift; path = APIError.swift; sourceTree = "<group>"; };
		BDE90511249E521800B2AF28 /* PrimitiveSequence+API.swift */ = {isa = PBXFileReference; lastKnownFileType = sourcecode.swift; path = "PrimitiveSequence+API.swift"; sourceTree = "<group>"; };
/* End PBXFileReference section */

/* Begin PBXFrameworksBuildPhase section */
		BD14F89D249B7CFB0029B50C /* Frameworks */ = {
			isa = PBXFrameworksBuildPhase;
			buildActionMask = 2147483647;
			files = (
				BD355F00249CEB39008901D4 /* Realm.framework in Frameworks */,
				BD355EF8249CEB23008901D4 /* Moya.framework in Frameworks */,
				BD355F02249CEB39008901D4 /* RealmSwift.framework in Frameworks */,
				BD355EF4249CEB23008901D4 /* RxMoya.framework in Frameworks */,
				BD355F0D249CEE01008901D4 /* RxRelay.framework in Frameworks */,
				BD355EF2249CEB23008901D4 /* RxCocoa.framework in Frameworks */,
				BD355EFC249CEB2B008901D4 /* Alamofire.framework in Frameworks */,
				BD355EF6249CEB23008901D4 /* RxSwift.framework in Frameworks */,
			);
			runOnlyForDeploymentPostprocessing = 0;
		};
		BD14F8B3249B7CFD0029B50C /* Frameworks */ = {
			isa = PBXFrameworksBuildPhase;
			buildActionMask = 2147483647;
			files = (
				BD0C4902249CF3A90090B7CD /* RxTest.framework in Frameworks */,
				BD0C4903249CF3A90090B7CD /* Quick.framework in Frameworks */,
				BD0C4904249CF3A90090B7CD /* Nimble.framework in Frameworks */,
				BD7BBB9D249E5D0A00F1F2D8 /* OHHTTPStubs.framework in Frameworks */,
				BD7BBBA4249E6F3C00F1F2D8 /* RxBlocking.framework in Frameworks */,
			);
			runOnlyForDeploymentPostprocessing = 0;
		};
		BD14F8BE249B7CFD0029B50C /* Frameworks */ = {
			isa = PBXFrameworksBuildPhase;
			buildActionMask = 2147483647;
			files = (
			);
			runOnlyForDeploymentPostprocessing = 0;
		};
/* End PBXFrameworksBuildPhase section */

/* Begin PBXGroup section */
		BD05AC90249DA82C000F453B /* Service */ = {
			isa = PBXGroup;
			children = (
				BD822FC4249FDD1C00164C0B /* Provider */,
				BD822FBB249FDC5B00164C0B /* Store */,
			);
			path = Service;
			sourceTree = "<group>";
		};
		BD05AC94249DB43E000F453B /* Entity */ = {
			isa = PBXGroup;
			children = (
				BD822FC2249FDCCF00164C0B /* Category.swift */,
				BD05AC95249DB45A000F453B /* Fact.swift */,
			);
			path = Entity;
			sourceTree = "<group>";
		};
		BD05AC9B249DB985000F453B /* Common */ = {
			isa = PBXGroup;
			children = (
				BDE90514249E550100B2AF28 /* Extensions */,
				BDB9BA3E249EFC0600B0E5F2 /* Coordinator.swift */,
				BDCEE6C2249F926A00CA200B /* ErrorDescriptor.swift */,
				BDB9BA37249EDA2200B0E5F2 /* IdentifiableType.swift */,
				BDCEE6C6249F97C300CA200B /* Observable+Common.swift */,
				BD822FBE249FDC8D00164C0B /* Realm+Rx.swift */,
				BDCEE6C8249F97E300CA200B /* Result+Common.swift */,
				BDB9BA39249EDA3C00B0E5F2 /* Storyboard.swift */,
				BDCEE6C4249F96BB00CA200B /* UIViewController+Common.swift */,
				BDB9BA35249EDA0300B0E5F2 /* UIWindow.swift */,
			);
			path = Common;
			sourceTree = "<group>";
		};
		BD14F897249B7CFB0029B50C = {
			isa = PBXGroup;
			children = (
				BD14F8A2249B7CFB0029B50C /* NorrisFacts */,
				BD14F8B9249B7CFD0029B50C /* NorrisFactsTests */,
				BD14F8C4249B7CFD0029B50C /* NorrisFactsUITests */,
				BD14F8A1249B7CFB0029B50C /* Products */,
				BD355EED249CEB23008901D4 /* Frameworks */,
			);
			sourceTree = "<group>";
		};
		BD14F8A1249B7CFB0029B50C /* Products */ = {
			isa = PBXGroup;
			children = (
				BD14F8A0249B7CFB0029B50C /* NorrisFacts.app */,
				BD14F8B6249B7CFD0029B50C /* NorrisFactsTests.xctest */,
				BD14F8C1249B7CFD0029B50C /* NorrisFactsUITests.xctest */,
			);
			name = Products;
			sourceTree = "<group>";
		};
		BD14F8A2249B7CFB0029B50C /* NorrisFacts */ = {
			isa = PBXGroup;
			children = (
				BD05AC94249DB43E000F453B /* Entity */,
				BD05AC90249DA82C000F453B /* Service */,
				BD4A2647249EAEDE00CC5624 /* Modules */,
				BD05AC9B249DB985000F453B /* Common */,
				BD14F8A3249B7CFB0029B50C /* AppDelegate.swift */,
				BD14F8A5249B7CFB0029B50C /* SceneDelegate.swift */,
				BD14F8A7249B7CFB0029B50C /* ContentView.swift */,
				BD14F8A9249B7CFC0029B50C /* Assets.xcassets */,
				BD14F8AE249B7CFC0029B50C /* LaunchScreen.storyboard */,
				BDB9BA2C249EB6F600B0E5F2 /* Main.storyboard */,
				BD14F8B1249B7CFC0029B50C /* Info.plist */,
			);
			path = NorrisFacts;
			sourceTree = "<group>";
		};
		BD14F8B9249B7CFD0029B50C /* NorrisFactsTests */ = {
			isa = PBXGroup;
			children = (
				BD7BBBAF249EA38800F1F2D8 /* Common */,
				BD7BBBAD249EA34D00F1F2D8 /* IntegrationTests */,
				BDB9BA40249EFE8C00B0E5F2 /* UnitTests */,
				BDB9BA43249F045800B0E5F2 /* TestDoubles */,
				BD7BBBAE249EA37000F1F2D8 /* Fixtures */,
				BD7BBBB0249EA39400F1F2D8 /* SupportingFiles */,
			);
			path = NorrisFactsTests;
			sourceTree = "<group>";
		};
		BD14F8C4249B7CFD0029B50C /* NorrisFactsUITests */ = {
			isa = PBXGroup;
			children = (
				BD14F8C5249B7CFD0029B50C /* NorrisFactsUITests.swift */,
				BD14F8C7249B7CFD0029B50C /* Info.plist */,
			);
			path = NorrisFactsUITests;
			sourceTree = "<group>";
		};
		BD355EED249CEB23008901D4 /* Frameworks */ = {
			isa = PBXGroup;
			children = (
				BD7BBBA3249E6F3C00F1F2D8 /* RxBlocking.framework */,
				BD7BBB9C249E5D0900F1F2D8 /* OHHTTPStubs.framework */,
				BD0C4901249CF3A90090B7CD /* Nimble.framework */,
				BD0C4900249CF3A90090B7CD /* Quick.framework */,
				BD0C48FF249CF3A90090B7CD /* RxTest.framework */,
				BD355F0C249CEE01008901D4 /* RxRelay.framework */,
				BD355EFE249CEB38008901D4 /* Realm.framework */,
				BD355EFF249CEB39008901D4 /* RealmSwift.framework */,
				BD355EFB249CEB2B008901D4 /* Alamofire.framework */,
				BD355EF1249CEB23008901D4 /* Moya.framework */,
				BD355EEE249CEB23008901D4 /* RxCocoa.framework */,
				BD355EEF249CEB23008901D4 /* RxMoya.framework */,
				BD355EF0249CEB23008901D4 /* RxSwift.framework */,
			);
			name = Frameworks;
			sourceTree = "<group>";
		};
		BD4A2647249EAEDE00CC5624 /* Modules */ = {
			isa = PBXGroup;
			children = (
				BDB9BA2E249ECE6A00B0E5F2 /* FactList */,
				BDB9BA4C249F1C4600B0E5F2 /* FactListItem */,
				BD4A2648249EAEE400CC5624 /* Search */,
			);
			path = Modules;
			sourceTree = "<group>";
		};
		BD4A2648249EAEE400CC5624 /* Search */ = {
			isa = PBXGroup;
			children = (
				BDB9BA3B249EDAFE00B0E5F2 /* FactSearchCoordinator.swift */,
				BD5830C7249EAAD3000926B3 /* FactSearchViewController.swift */,
				BD4A2649249EAEF800CC5624 /* FactSearchViewModel.swift */,
			);
			path = Search;
			sourceTree = "<group>";
		};
		BD7BBBAD249EA34D00F1F2D8 /* IntegrationTests */ = {
			isa = PBXGroup;
			children = (
				BD7BBB9F249E5D6F00F1F2D8 /* FactsProviderTests.swift */,
			);
			path = IntegrationTests;
			sourceTree = "<group>";
		};
		BD7BBBAE249EA37000F1F2D8 /* Fixtures */ = {
			isa = PBXGroup;
			children = (
				BD7BBBA1249E602600F1F2D8 /* SearchSuccessResponse.json */,
			);
			path = Fixtures;
			sourceTree = "<group>";
		};
		BD7BBBAF249EA38800F1F2D8 /* Common */ = {
			isa = PBXGroup;
			children = (
				BD7BBBA8249EA18200F1F2D8 /* StubResponse.swift */,
			);
			path = Common;
			sourceTree = "<group>";
		};
		BD7BBBB0249EA39400F1F2D8 /* SupportingFiles */ = {
			isa = PBXGroup;
			children = (
				BD14F8BC249B7CFD0029B50C /* Info.plist */,
			);
			path = SupportingFiles;
			sourceTree = "<group>";
		};
		BD822FBB249FDC5B00164C0B /* Store */ = {
			isa = PBXGroup;
			children = (
				BD822FBC249FDC6400164C0B /* CategoryStore.swift */,
				BD822FC0249FDCAA00164C0B /* RealmStore.swift */,
			);
			path = Store;
			sourceTree = "<group>";
		};
		BD822FC4249FDD1C00164C0B /* Provider */ = {
			isa = PBXGroup;
			children = (
				BDE90515249E551700B2AF28 /* Common */,
				BDE90513249E545200B2AF28 /* ChuckNorrisAPI */,
			);
			path = Provider;
			sourceTree = "<group>";
		};
		BDB9BA2E249ECE6A00B0E5F2 /* FactList */ = {
			isa = PBXGroup;
			children = (
				BDB9BA33249ED49F00B0E5F2 /* FactListCoordinator.swift */,
				BDB9BA2F249ECE8300B0E5F2 /* FactListViewController.swift */,
				BDB9BA31249ECEA200B0E5F2 /* FactListViewModel.swift */,
			);
			path = FactList;
			sourceTree = "<group>";
		};
		BDB9BA40249EFE8C00B0E5F2 /* UnitTests */ = {
			isa = PBXGroup;
			children = (
				BDB9BA41249EFEAC00B0E5F2 /* FactSearchViewModelTests.swift */,
				BDB9BA46249F04D000B0E5F2 /* FactListViewModelTests.swift */,
			);
			path = UnitTests;
			sourceTree = "<group>";
		};
		BDB9BA43249F045800B0E5F2 /* TestDoubles */ = {
			isa = PBXGroup;
			children = (
				BDB9BA48249F067300B0E5F2 /* MockFactListCoordinator.swift */,
				BDB9BA44249F046300B0E5F2 /* MockFactSearchCoordinator.swift */,
				BDCEE6CA249FD1AF00CA200B /* MockFactsProvider.swift */,
			);
			path = TestDoubles;
			sourceTree = "<group>";
		};
		BDB9BA4C249F1C4600B0E5F2 /* FactListItem */ = {
			isa = PBXGroup;
			children = (
				BDB9BA4A249F1C2100B0E5F2 /* FactListItemTableViewCell.swift */,
				BDB9BA4D249F1C8300B0E5F2 /* FactListItemViewModel.swift */,
			);
			path = FactListItem;
			sourceTree = "<group>";
		};
		BDE90513249E545200B2AF28 /* ChuckNorrisAPI */ = {
			isa = PBXGroup;
			children = (
				BD05AC8E249DA069000F453B /* FactsAPI.swift */,
				BD05AC91249DA83C000F453B /* FactsProvider.swift */,
				BD822FB9249FD3CD00164C0B /* CategoryProvider.swift */,
			);
			path = ChuckNorrisAPI;
			sourceTree = "<group>";
		};
		BDE90514249E550100B2AF28 /* Extensions */ = {
			isa = PBXGroup;
			children = (
				BDE9050A249DCC3200B2AF28 /* Error+Common.swift */,
				BD7BBBAA249EA19E00F1F2D8 /* String+Common.swift */,
				BDE90508249DBF4E00B2AF28 /* URL+Common.swift */,
			);
			path = Extensions;
			sourceTree = "<group>";
		};
		BDE90515249E551700B2AF28 /* Common */ = {
			isa = PBXGroup;
			children = (
				BDE9050C249E4FE600B2AF28 /* APIError.swift */,
				BD7BBBA6249E98E900F1F2D8 /* HttpStatusCode.swift */,
				BD05AC9C249DB9A9000F453B /* JSONDecoder+API.swift */,
				BDE90511249E521800B2AF28 /* PrimitiveSequence+API.swift */,
			);
			path = Common;
			sourceTree = "<group>";
		};
/* End PBXGroup section */

/* Begin PBXNativeTarget section */
		BD14F89F249B7CFB0029B50C /* NorrisFacts */ = {
			isa = PBXNativeTarget;
			buildConfigurationList = BD14F8CA249B7CFD0029B50C /* Build configuration list for PBXNativeTarget "NorrisFacts" */;
			buildPhases = (
				BD14F89C249B7CFB0029B50C /* Sources */,
				BD14F89D249B7CFB0029B50C /* Frameworks */,
				BD14F89E249B7CFB0029B50C /* Resources */,
				BD355EFA249CEB23008901D4 /* Embed Frameworks */,
				BD355F04249CEB51008901D4 /* Copy Carthage Frameworks */,
				BD05AC93249DA9D7000F453B /* SwiftLint */,
			);
			buildRules = (
			);
			dependencies = (
			);
			name = NorrisFacts;
			productName = NorrisFacts;
			productReference = BD14F8A0249B7CFB0029B50C /* NorrisFacts.app */;
			productType = "com.apple.product-type.application";
		};
		BD14F8B5249B7CFD0029B50C /* NorrisFactsTests */ = {
			isa = PBXNativeTarget;
			buildConfigurationList = BD14F8CD249B7CFD0029B50C /* Build configuration list for PBXNativeTarget "NorrisFactsTests" */;
			buildPhases = (
				BD14F8B2249B7CFD0029B50C /* Sources */,
				BD14F8B3249B7CFD0029B50C /* Frameworks */,
				BD14F8B4249B7CFD0029B50C /* Resources */,
				BD355F05249CED7F008901D4 /* Copy Carthage Frameworks */,
			);
			buildRules = (
			);
			dependencies = (
				BD14F8B8249B7CFD0029B50C /* PBXTargetDependency */,
			);
			name = NorrisFactsTests;
			productName = NorrisFactsTests;
			productReference = BD14F8B6249B7CFD0029B50C /* NorrisFactsTests.xctest */;
			productType = "com.apple.product-type.bundle.unit-test";
		};
		BD14F8C0249B7CFD0029B50C /* NorrisFactsUITests */ = {
			isa = PBXNativeTarget;
			buildConfigurationList = BD14F8D0249B7CFD0029B50C /* Build configuration list for PBXNativeTarget "NorrisFactsUITests" */;
			buildPhases = (
				BD14F8BD249B7CFD0029B50C /* Sources */,
				BD14F8BE249B7CFD0029B50C /* Frameworks */,
				BD14F8BF249B7CFD0029B50C /* Resources */,
			);
			buildRules = (
			);
			dependencies = (
				BD14F8C3249B7CFD0029B50C /* PBXTargetDependency */,
			);
			name = NorrisFactsUITests;
			productName = NorrisFactsUITests;
			productReference = BD14F8C1249B7CFD0029B50C /* NorrisFactsUITests.xctest */;
			productType = "com.apple.product-type.bundle.ui-testing";
		};
/* End PBXNativeTarget section */

/* Begin PBXProject section */
		BD14F898249B7CFB0029B50C /* Project object */ = {
			isa = PBXProject;
			attributes = {
				LastSwiftUpdateCheck = 1150;
				LastUpgradeCheck = 1150;
				ORGANIZATIONNAME = "Alan Paiva";
				TargetAttributes = {
					BD14F89F249B7CFB0029B50C = {
						CreatedOnToolsVersion = 11.5;
					};
					BD14F8B5249B7CFD0029B50C = {
						CreatedOnToolsVersion = 11.5;
						TestTargetID = BD14F89F249B7CFB0029B50C;
					};
					BD14F8C0249B7CFD0029B50C = {
						CreatedOnToolsVersion = 11.5;
						TestTargetID = BD14F89F249B7CFB0029B50C;
					};
				};
			};
			buildConfigurationList = BD14F89B249B7CFB0029B50C /* Build configuration list for PBXProject "NorrisFacts" */;
			compatibilityVersion = "Xcode 9.3";
			developmentRegion = en;
			hasScannedForEncodings = 0;
			knownRegions = (
				en,
				Base,
			);
			mainGroup = BD14F897249B7CFB0029B50C;
			productRefGroup = BD14F8A1249B7CFB0029B50C /* Products */;
			projectDirPath = "";
			projectRoot = "";
			targets = (
				BD14F89F249B7CFB0029B50C /* NorrisFacts */,
				BD14F8B5249B7CFD0029B50C /* NorrisFactsTests */,
				BD14F8C0249B7CFD0029B50C /* NorrisFactsUITests */,
			);
		};
/* End PBXProject section */

/* Begin PBXResourcesBuildPhase section */
		BD14F89E249B7CFB0029B50C /* Resources */ = {
			isa = PBXResourcesBuildPhase;
			buildActionMask = 2147483647;
			files = (
				BD14F8B0249B7CFC0029B50C /* LaunchScreen.storyboard in Resources */,
				BD14F8AA249B7CFC0029B50C /* Assets.xcassets in Resources */,
				BDB9BA2D249EB6F600B0E5F2 /* Main.storyboard in Resources */,
			);
			runOnlyForDeploymentPostprocessing = 0;
		};
		BD14F8B4249B7CFD0029B50C /* Resources */ = {
			isa = PBXResourcesBuildPhase;
			buildActionMask = 2147483647;
			files = (
				BD7BBBA2249E602600F1F2D8 /* SearchSuccessResponse.json in Resources */,
			);
			runOnlyForDeploymentPostprocessing = 0;
		};
		BD14F8BF249B7CFD0029B50C /* Resources */ = {
			isa = PBXResourcesBuildPhase;
			buildActionMask = 2147483647;
			files = (
			);
			runOnlyForDeploymentPostprocessing = 0;
		};
/* End PBXResourcesBuildPhase section */

/* Begin PBXShellScriptBuildPhase section */
		BD05AC93249DA9D7000F453B /* SwiftLint */ = {
			isa = PBXShellScriptBuildPhase;
			buildActionMask = 2147483647;
			files = (
			);
			inputFileListPaths = (
			);
			inputPaths = (
			);
			name = SwiftLint;
			outputFileListPaths = (
			);
			outputPaths = (
			);
			runOnlyForDeploymentPostprocessing = 0;
			shellPath = /bin/sh;
			shellScript = "if which swiftlint >/dev/null; then\n  swiftlint\nelse\n  echo \"warning: SwiftLint not installed, download from https://github.com/realm/SwiftLint\"\nfi\n";
		};
		BD355F04249CEB51008901D4 /* Copy Carthage Frameworks */ = {
			isa = PBXShellScriptBuildPhase;
			buildActionMask = 2147483647;
			files = (
			);
			inputFileListPaths = (
			);
			inputPaths = (
				"$(SRCROOT)/Carthage/Build/iOS/Alamofire.framework",
				"$(SRCROOT)/Carthage/Build/iOS/Moya.framework",
				"$(SRCROOT)/Carthage/Build/iOS/Realm.framework",
				"$(SRCROOT)/Carthage/Build/iOS/RealmSwift.framework",
				"$(SRCROOT)/Carthage/Build/iOS/RxSwift.framework",
				"$(SRCROOT)/Carthage/Build/iOS/RxCocoa.framework",
				"$(SRCROOT)/Carthage/Build/iOS/RxMoya.framework",
				"$(SRCROOT)/Carthage/Build/iOS/RxRelay.framework",
			);
			name = "Copy Carthage Frameworks";
			outputFileListPaths = (
			);
			outputPaths = (
			);
			runOnlyForDeploymentPostprocessing = 0;
			shellPath = /bin/sh;
			shellScript = "/usr/local/bin/carthage copy-frameworks\n";
		};
/* End PBXShellScriptBuildPhase section */

/* Begin PBXSourcesBuildPhase section */
		BD14F89C249B7CFB0029B50C /* Sources */ = {
			isa = PBXSourcesBuildPhase;
			buildActionMask = 2147483647;
			files = (
				BDB9BA30249ECE8300B0E5F2 /* FactListViewController.swift in Sources */,
				BD05AC8F249DA069000F453B /* FactsAPI.swift in Sources */,
				BD7BBBAB249EA19E00F1F2D8 /* String+Common.swift in Sources */,
				BD05AC96249DB45A000F453B /* Fact.swift in Sources */,
				BDB9BA3C249EDAFE00B0E5F2 /* FactSearchCoordinator.swift in Sources */,
				BDE90509249DBF4E00B2AF28 /* URL+Common.swift in Sources */,
				BDE9050D249E4FE600B2AF28 /* APIError.swift in Sources */,
				BDB9BA36249EDA0300B0E5F2 /* UIWindow.swift in Sources */,
				BD14F8A4249B7CFB0029B50C /* AppDelegate.swift in Sources */,
				BDCEE6C5249F96BB00CA200B /* UIViewController+Common.swift in Sources */,
				BDCEE6C3249F926A00CA200B /* ErrorDescriptor.swift in Sources */,
				BD822FC3249FDCCF00164C0B /* Category.swift in Sources */,
				BDCEE6C9249F97E300CA200B /* Result+Common.swift in Sources */,
				BD822FBD249FDC6400164C0B /* CategoryStore.swift in Sources */,
				BD822FBA249FD3CD00164C0B /* CategoryProvider.swift in Sources */,
				BD822FC1249FDCAA00164C0B /* RealmStore.swift in Sources */,
				BDCEE6C7249F97C300CA200B /* Observable+Common.swift in Sources */,
				BD822FBF249FDC8D00164C0B /* Realm+Rx.swift in Sources */,
				BD4A264A249EAEF800CC5624 /* FactSearchViewModel.swift in Sources */,
				BDE9050B249DCC3200B2AF28 /* Error+Common.swift in Sources */,
				BDB9BA3A249EDA3C00B0E5F2 /* Storyboard.swift in Sources */,
				BD14F8A6249B7CFB0029B50C /* SceneDelegate.swift in Sources */,
				BDB9BA38249EDA2200B0E5F2 /* IdentifiableType.swift in Sources */,
				BDB9BA32249ECEA200B0E5F2 /* FactListViewModel.swift in Sources */,
				BD5830C8249EAAD3000926B3 /* FactSearchViewController.swift in Sources */,
				BDB9BA4E249F1C8400B0E5F2 /* FactListItemViewModel.swift in Sources */,
				BD05AC92249DA83C000F453B /* FactsProvider.swift in Sources */,
				BDB9BA3F249EFC0600B0E5F2 /* Coordinator.swift in Sources */,
				BD14F8A8249B7CFB0029B50C /* ContentView.swift in Sources */,
				BDB9BA34249ED49F00B0E5F2 /* FactListCoordinator.swift in Sources */,
				BD05AC9D249DB9A9000F453B /* JSONDecoder+API.swift in Sources */,
				BD7BBBA7249E98E900F1F2D8 /* HttpStatusCode.swift in Sources */,
				BDB9BA4B249F1C2100B0E5F2 /* FactListItemTableViewCell.swift in Sources */,
				BDE90512249E521800B2AF28 /* PrimitiveSequence+API.swift in Sources */,
			);
			runOnlyForDeploymentPostprocessing = 0;
		};
		BD14F8B2249B7CFD0029B50C /* Sources */ = {
			isa = PBXSourcesBuildPhase;
			buildActionMask = 2147483647;
			files = (
				BDB9BA45249F046300B0E5F2 /* MockFactSearchCoordinator.swift in Sources */,
				BD7BBBA9249EA18200F1F2D8 /* StubResponse.swift in Sources */,
				BDB9BA49249F067300B0E5F2 /* MockFactListCoordinator.swift in Sources */,
				BDB9BA42249EFEAC00B0E5F2 /* FactSearchViewModelTests.swift in Sources */,
				BDCEE6CB249FD1AF00CA200B /* MockFactsProvider.swift in Sources */,
				BD7BBBA0249E5D6F00F1F2D8 /* FactsProviderTests.swift in Sources */,
				BDB9BA47249F04D000B0E5F2 /* FactListViewModelTests.swift in Sources */,
			);
			runOnlyForDeploymentPostprocessing = 0;
		};
		BD14F8BD249B7CFD0029B50C /* Sources */ = {
			isa = PBXSourcesBuildPhase;
			buildActionMask = 2147483647;
			files = (
				BD14F8C6249B7CFD0029B50C /* NorrisFactsUITests.swift in Sources */,
			);
			runOnlyForDeploymentPostprocessing = 0;
		};
/* End PBXSourcesBuildPhase section */

/* Begin PBXTargetDependency section */
		BD14F8B8249B7CFD0029B50C /* PBXTargetDependency */ = {
			isa = PBXTargetDependency;
			target = BD14F89F249B7CFB0029B50C /* NorrisFacts */;
			targetProxy = BD14F8B7249B7CFD0029B50C /* PBXContainerItemProxy */;
		};
		BD14F8C3249B7CFD0029B50C /* PBXTargetDependency */ = {
			isa = PBXTargetDependency;
			target = BD14F89F249B7CFB0029B50C /* NorrisFacts */;
			targetProxy = BD14F8C2249B7CFD0029B50C /* PBXContainerItemProxy */;
		};
/* End PBXTargetDependency section */

/* Begin PBXVariantGroup section */
		BD14F8AE249B7CFC0029B50C /* LaunchScreen.storyboard */ = {
			isa = PBXVariantGroup;
			children = (
				BD14F8AF249B7CFC0029B50C /* Base */,
			);
			name = LaunchScreen.storyboard;
			sourceTree = "<group>";
		};
/* End PBXVariantGroup section */

/* Begin XCBuildConfiguration section */
		BD14F8C8249B7CFD0029B50C /* Debug */ = {
			isa = XCBuildConfiguration;
			buildSettings = {
				ALWAYS_SEARCH_USER_PATHS = NO;
				CLANG_ANALYZER_NONNULL = YES;
				CLANG_ANALYZER_NUMBER_OBJECT_CONVERSION = YES_AGGRESSIVE;
				CLANG_CXX_LANGUAGE_STANDARD = "gnu++14";
				CLANG_CXX_LIBRARY = "libc++";
				CLANG_ENABLE_MODULES = YES;
				CLANG_ENABLE_OBJC_ARC = YES;
				CLANG_ENABLE_OBJC_WEAK = YES;
				CLANG_WARN_BLOCK_CAPTURE_AUTORELEASING = YES;
				CLANG_WARN_BOOL_CONVERSION = YES;
				CLANG_WARN_COMMA = YES;
				CLANG_WARN_CONSTANT_CONVERSION = YES;
				CLANG_WARN_DEPRECATED_OBJC_IMPLEMENTATIONS = YES;
				CLANG_WARN_DIRECT_OBJC_ISA_USAGE = YES_ERROR;
				CLANG_WARN_DOCUMENTATION_COMMENTS = YES;
				CLANG_WARN_EMPTY_BODY = YES;
				CLANG_WARN_ENUM_CONVERSION = YES;
				CLANG_WARN_INFINITE_RECURSION = YES;
				CLANG_WARN_INT_CONVERSION = YES;
				CLANG_WARN_NON_LITERAL_NULL_CONVERSION = YES;
				CLANG_WARN_OBJC_IMPLICIT_RETAIN_SELF = YES;
				CLANG_WARN_OBJC_LITERAL_CONVERSION = YES;
				CLANG_WARN_OBJC_ROOT_CLASS = YES_ERROR;
				CLANG_WARN_RANGE_LOOP_ANALYSIS = YES;
				CLANG_WARN_STRICT_PROTOTYPES = YES;
				CLANG_WARN_SUSPICIOUS_MOVE = YES;
				CLANG_WARN_UNGUARDED_AVAILABILITY = YES_AGGRESSIVE;
				CLANG_WARN_UNREACHABLE_CODE = YES;
				CLANG_WARN__DUPLICATE_METHOD_MATCH = YES;
				COPY_PHASE_STRIP = NO;
				DEBUG_INFORMATION_FORMAT = dwarf;
				ENABLE_STRICT_OBJC_MSGSEND = YES;
				ENABLE_TESTABILITY = YES;
				GCC_C_LANGUAGE_STANDARD = gnu11;
				GCC_DYNAMIC_NO_PIC = NO;
				GCC_NO_COMMON_BLOCKS = YES;
				GCC_OPTIMIZATION_LEVEL = 0;
				GCC_PREPROCESSOR_DEFINITIONS = (
					"DEBUG=1",
					"$(inherited)",
				);
				GCC_WARN_64_TO_32_BIT_CONVERSION = YES;
				GCC_WARN_ABOUT_RETURN_TYPE = YES_ERROR;
				GCC_WARN_UNDECLARED_SELECTOR = YES;
				GCC_WARN_UNINITIALIZED_AUTOS = YES_AGGRESSIVE;
				GCC_WARN_UNUSED_FUNCTION = YES;
				GCC_WARN_UNUSED_VARIABLE = YES;
				IPHONEOS_DEPLOYMENT_TARGET = 13.5;
				MTL_ENABLE_DEBUG_INFO = INCLUDE_SOURCE;
				MTL_FAST_MATH = YES;
				ONLY_ACTIVE_ARCH = YES;
				SDKROOT = iphoneos;
				SWIFT_ACTIVE_COMPILATION_CONDITIONS = DEBUG;
				SWIFT_OPTIMIZATION_LEVEL = "-Onone";
			};
			name = Debug;
		};
		BD14F8C9249B7CFD0029B50C /* Release */ = {
			isa = XCBuildConfiguration;
			buildSettings = {
				ALWAYS_SEARCH_USER_PATHS = NO;
				CLANG_ANALYZER_NONNULL = YES;
				CLANG_ANALYZER_NUMBER_OBJECT_CONVERSION = YES_AGGRESSIVE;
				CLANG_CXX_LANGUAGE_STANDARD = "gnu++14";
				CLANG_CXX_LIBRARY = "libc++";
				CLANG_ENABLE_MODULES = YES;
				CLANG_ENABLE_OBJC_ARC = YES;
				CLANG_ENABLE_OBJC_WEAK = YES;
				CLANG_WARN_BLOCK_CAPTURE_AUTORELEASING = YES;
				CLANG_WARN_BOOL_CONVERSION = YES;
				CLANG_WARN_COMMA = YES;
				CLANG_WARN_CONSTANT_CONVERSION = YES;
				CLANG_WARN_DEPRECATED_OBJC_IMPLEMENTATIONS = YES;
				CLANG_WARN_DIRECT_OBJC_ISA_USAGE = YES_ERROR;
				CLANG_WARN_DOCUMENTATION_COMMENTS = YES;
				CLANG_WARN_EMPTY_BODY = YES;
				CLANG_WARN_ENUM_CONVERSION = YES;
				CLANG_WARN_INFINITE_RECURSION = YES;
				CLANG_WARN_INT_CONVERSION = YES;
				CLANG_WARN_NON_LITERAL_NULL_CONVERSION = YES;
				CLANG_WARN_OBJC_IMPLICIT_RETAIN_SELF = YES;
				CLANG_WARN_OBJC_LITERAL_CONVERSION = YES;
				CLANG_WARN_OBJC_ROOT_CLASS = YES_ERROR;
				CLANG_WARN_RANGE_LOOP_ANALYSIS = YES;
				CLANG_WARN_STRICT_PROTOTYPES = YES;
				CLANG_WARN_SUSPICIOUS_MOVE = YES;
				CLANG_WARN_UNGUARDED_AVAILABILITY = YES_AGGRESSIVE;
				CLANG_WARN_UNREACHABLE_CODE = YES;
				CLANG_WARN__DUPLICATE_METHOD_MATCH = YES;
				COPY_PHASE_STRIP = NO;
				DEBUG_INFORMATION_FORMAT = "dwarf-with-dsym";
				ENABLE_NS_ASSERTIONS = NO;
				ENABLE_STRICT_OBJC_MSGSEND = YES;
				GCC_C_LANGUAGE_STANDARD = gnu11;
				GCC_NO_COMMON_BLOCKS = YES;
				GCC_WARN_64_TO_32_BIT_CONVERSION = YES;
				GCC_WARN_ABOUT_RETURN_TYPE = YES_ERROR;
				GCC_WARN_UNDECLARED_SELECTOR = YES;
				GCC_WARN_UNINITIALIZED_AUTOS = YES_AGGRESSIVE;
				GCC_WARN_UNUSED_FUNCTION = YES;
				GCC_WARN_UNUSED_VARIABLE = YES;
				IPHONEOS_DEPLOYMENT_TARGET = 13.5;
				MTL_ENABLE_DEBUG_INFO = NO;
				MTL_FAST_MATH = YES;
				SDKROOT = iphoneos;
				SWIFT_COMPILATION_MODE = wholemodule;
				SWIFT_OPTIMIZATION_LEVEL = "-O";
				VALIDATE_PRODUCT = YES;
			};
			name = Release;
		};
		BD14F8CB249B7CFD0029B50C /* Debug */ = {
			isa = XCBuildConfiguration;
			buildSettings = {
				ASSETCATALOG_COMPILER_APPICON_NAME = AppIcon;
				CODE_SIGN_STYLE = Automatic;
				DEVELOPMENT_TEAM = EEJ5MB9Q92;
				ENABLE_PREVIEWS = YES;
				FRAMEWORK_SEARCH_PATHS = (
					"$(inherited)",
					"$(PROJECT_DIR)/Carthage/Build/iOS",
				);
				INFOPLIST_FILE = NorrisFacts/Info.plist;
				LD_RUNPATH_SEARCH_PATHS = (
					"$(inherited)",
					"@executable_path/Frameworks",
				);
				PRODUCT_BUNDLE_IDENTIFIER = br.com.jpaiva.alan.NorrisFacts;
				PRODUCT_NAME = "$(TARGET_NAME)";
				SWIFT_VERSION = 5.0;
				TARGETED_DEVICE_FAMILY = "1,2";
			};
			name = Debug;
		};
		BD14F8CC249B7CFD0029B50C /* Release */ = {
			isa = XCBuildConfiguration;
			buildSettings = {
				ASSETCATALOG_COMPILER_APPICON_NAME = AppIcon;
				CODE_SIGN_STYLE = Automatic;
				DEVELOPMENT_TEAM = EEJ5MB9Q92;
				ENABLE_PREVIEWS = YES;
				FRAMEWORK_SEARCH_PATHS = (
					"$(inherited)",
					"$(PROJECT_DIR)/Carthage/Build/iOS",
				);
				INFOPLIST_FILE = NorrisFacts/Info.plist;
				LD_RUNPATH_SEARCH_PATHS = (
					"$(inherited)",
					"@executable_path/Frameworks",
				);
				PRODUCT_BUNDLE_IDENTIFIER = br.com.jpaiva.alan.NorrisFacts;
				PRODUCT_NAME = "$(TARGET_NAME)";
				SWIFT_VERSION = 5.0;
				TARGETED_DEVICE_FAMILY = "1,2";
			};
			name = Release;
		};
		BD14F8CE249B7CFD0029B50C /* Debug */ = {
			isa = XCBuildConfiguration;
			buildSettings = {
				ALWAYS_EMBED_SWIFT_STANDARD_LIBRARIES = YES;
				BUNDLE_LOADER = "$(TEST_HOST)";
				CODE_SIGN_STYLE = Automatic;
				DEVELOPMENT_TEAM = EEJ5MB9Q92;
				FRAMEWORK_SEARCH_PATHS = (
					"$(inherited)",
					"$(PROJECT_DIR)/Carthage/Build",
					"$(PROJECT_DIR)/Carthage/Build/iOS",
				);
				INFOPLIST_FILE = NorrisFactsTests/SupportingFiles/Info.plist;
				IPHONEOS_DEPLOYMENT_TARGET = 13.5;
				LD_RUNPATH_SEARCH_PATHS = (
					"$(inherited)",
					"@executable_path/Frameworks",
					"@loader_path/Frameworks",
				);
				PRODUCT_BUNDLE_IDENTIFIER = br.com.jpaiva.alan.NorrisFactsTests;
				PRODUCT_NAME = "$(TARGET_NAME)";
				SWIFT_VERSION = 5.0;
				TARGETED_DEVICE_FAMILY = "1,2";
				TEST_HOST = "$(BUILT_PRODUCTS_DIR)/NorrisFacts.app/NorrisFacts";
			};
			name = Debug;
		};
		BD14F8CF249B7CFD0029B50C /* Release */ = {
			isa = XCBuildConfiguration;
			buildSettings = {
				ALWAYS_EMBED_SWIFT_STANDARD_LIBRARIES = YES;
				BUNDLE_LOADER = "$(TEST_HOST)";
				CODE_SIGN_STYLE = Automatic;
				DEVELOPMENT_TEAM = EEJ5MB9Q92;
				FRAMEWORK_SEARCH_PATHS = (
					"$(inherited)",
					"$(PROJECT_DIR)/Carthage/Build",
					"$(PROJECT_DIR)/Carthage/Build/iOS",
				);
				INFOPLIST_FILE = NorrisFactsTests/SupportingFiles/Info.plist;
				IPHONEOS_DEPLOYMENT_TARGET = 13.5;
				LD_RUNPATH_SEARCH_PATHS = (
					"$(inherited)",
					"@executable_path/Frameworks",
					"@loader_path/Frameworks",
				);
				PRODUCT_BUNDLE_IDENTIFIER = br.com.jpaiva.alan.NorrisFactsTests;
				PRODUCT_NAME = "$(TARGET_NAME)";
				SWIFT_VERSION = 5.0;
				TARGETED_DEVICE_FAMILY = "1,2";
				TEST_HOST = "$(BUILT_PRODUCTS_DIR)/NorrisFacts.app/NorrisFacts";
			};
			name = Release;
		};
		BD14F8D1249B7CFD0029B50C /* Debug */ = {
			isa = XCBuildConfiguration;
			buildSettings = {
				ALWAYS_EMBED_SWIFT_STANDARD_LIBRARIES = YES;
				CODE_SIGN_STYLE = Automatic;
				DEVELOPMENT_TEAM = EEJ5MB9Q92;
				INFOPLIST_FILE = NorrisFactsUITests/Info.plist;
				LD_RUNPATH_SEARCH_PATHS = (
					"$(inherited)",
					"@executable_path/Frameworks",
					"@loader_path/Frameworks",
				);
				PRODUCT_BUNDLE_IDENTIFIER = br.com.jpaiva.alan.NorrisFactsUITests;
				PRODUCT_NAME = "$(TARGET_NAME)";
				SWIFT_VERSION = 5.0;
				TARGETED_DEVICE_FAMILY = "1,2";
				TEST_TARGET_NAME = NorrisFacts;
			};
			name = Debug;
		};
		BD14F8D2249B7CFD0029B50C /* Release */ = {
			isa = XCBuildConfiguration;
			buildSettings = {
				ALWAYS_EMBED_SWIFT_STANDARD_LIBRARIES = YES;
				CODE_SIGN_STYLE = Automatic;
				DEVELOPMENT_TEAM = EEJ5MB9Q92;
				INFOPLIST_FILE = NorrisFactsUITests/Info.plist;
				LD_RUNPATH_SEARCH_PATHS = (
					"$(inherited)",
					"@executable_path/Frameworks",
					"@loader_path/Frameworks",
				);
				PRODUCT_BUNDLE_IDENTIFIER = br.com.jpaiva.alan.NorrisFactsUITests;
				PRODUCT_NAME = "$(TARGET_NAME)";
				SWIFT_VERSION = 5.0;
				TARGETED_DEVICE_FAMILY = "1,2";
				TEST_TARGET_NAME = NorrisFacts;
			};
			name = Release;
		};
/* End XCBuildConfiguration section */

/* Begin XCConfigurationList section */
		BD14F89B249B7CFB0029B50C /* Build configuration list for PBXProject "NorrisFacts" */ = {
			isa = XCConfigurationList;
			buildConfigurations = (
				BD14F8C8249B7CFD0029B50C /* Debug */,
				BD14F8C9249B7CFD0029B50C /* Release */,
			);
			defaultConfigurationIsVisible = 0;
			defaultConfigurationName = Release;
		};
		BD14F8CA249B7CFD0029B50C /* Build configuration list for PBXNativeTarget "NorrisFacts" */ = {
			isa = XCConfigurationList;
			buildConfigurations = (
				BD14F8CB249B7CFD0029B50C /* Debug */,
				BD14F8CC249B7CFD0029B50C /* Release */,
			);
			defaultConfigurationIsVisible = 0;
			defaultConfigurationName = Release;
		};
		BD14F8CD249B7CFD0029B50C /* Build configuration list for PBXNativeTarget "NorrisFactsTests" */ = {
			isa = XCConfigurationList;
			buildConfigurations = (
				BD14F8CE249B7CFD0029B50C /* Debug */,
				BD14F8CF249B7CFD0029B50C /* Release */,
			);
			defaultConfigurationIsVisible = 0;
			defaultConfigurationName = Release;
		};
		BD14F8D0249B7CFD0029B50C /* Build configuration list for PBXNativeTarget "NorrisFactsUITests" */ = {
			isa = XCConfigurationList;
			buildConfigurations = (
				BD14F8D1249B7CFD0029B50C /* Debug */,
				BD14F8D2249B7CFD0029B50C /* Release */,
			);
			defaultConfigurationIsVisible = 0;
			defaultConfigurationName = Release;
		};
/* End XCConfigurationList section */
	};
	rootObject = BD14F898249B7CFB0029B50C /* Project object */;
}
